version: 6
environments:
  default:
    channels:
    - url: https://conda.anaconda.org/conda-forge/
    indexes:
    - https://pypi.org/simple
    options:
      pypi-prerelease-mode: if-necessary-or-explicit
    packages:
      osx-arm64:
      - conda: https://conda.anaconda.org/conda-forge/osx-arm64/bzip2-1.0.8-hd037594_9.conda
      - conda: https://conda.anaconda.org/conda-forge/noarch/ca-certificates-2026.5.20-hbd8a1cb_0.conda
      - conda: https://conda.anaconda.org/conda-forge/osx-arm64/libexpat-2.8.1-hf6b4638_0.conda
      - conda: https://conda.anaconda.org/conda-forge/osx-arm64/libffi-3.5.2-hcf2aa1b_0.conda
      - conda: https://conda.anaconda.org/conda-forge/osx-arm64/liblzma-5.8.3-h8088a28_0.conda
      - conda: https://conda.anaconda.org/conda-forge/osx-arm64/libsqlite-3.53.1-h1b79a29_0.conda
      - conda: https://conda.anaconda.org/conda-forge/osx-arm64/libzlib-1.3.2-h8088a28_2.conda
      - conda: https://conda.anaconda.org/conda-forge/osx-arm64/ncurses-6.6-h1d4f5a5_0.conda
      - conda: https://conda.anaconda.org/conda-forge/osx-arm64/openssl-3.6.2-hd24854e_0.conda
      - conda: https://conda.anaconda.org/conda-forge/noarch/packaging-26.2-pyhc364b38_0.conda
      - conda: https://conda.anaconda.org/conda-forge/noarch/pip-26.1.2-pyh8b19718_0.conda
      - conda: https://conda.anaconda.org/conda-forge/osx-arm64/python-3.11.15-h8561d8f_0_cpython.conda
      - conda: https://conda.anaconda.org/conda-forge/osx-arm64/readline-8.3-h46df422_0.conda
      - conda: https://conda.anaconda.org/conda-forge/noarch/setuptools-82.0.1-pyh332efcf_0.conda
      - conda: https://conda.anaconda.org/conda-forge/osx-arm64/tk-8.6.13-h010d191_3.conda
      - conda: https://conda.anaconda.org/conda-forge/noarch/tzdata-2025c-hc9c84f9_1.conda
      - conda: https://conda.anaconda.org/conda-forge/noarch/wheel-0.47.0-pyhd8ed1ab_0.conda
      - pypi: https://files.pythonhosted.org/packages/1e/d3/26bf1008eb3d2daa8ef4cacc7f3bfdc11818d111f7e2d0201bc6e3b49d45/annotated_doc-0.0.4-py3-none-any.whl
      - pypi: https://files.pythonhosted.org/packages/da/42/e921fccf5015463e32a3cf6ee7f980a6ed0f395ceeaa45060b61d86486c2/anyio-4.13.0-py3-none-any.whl
      - pypi: https://files.pythonhosted.org/packages/64/b4/17d4b0b2a2dc85a6df63d1157e028ed19f90d4cd97c36717afef2bc2f395/attrs-26.1.0-py3-none-any.whl
      - pypi: https://files.pythonhosted.org/packages/80/56/60547f7801b97c67e97491dc3d9ade9fbccbd0325058fd3dfcb2f5d98d90/cattrs-26.1.0-py3-none-any.whl
      - pypi: https://files.pythonhosted.org/packages/59/8c/57e832b7af6d7c5abe66eb3fbe3a3a32f4d11ea23a1aa7131371035be991/certifi-2026.5.20-py3-none-any.whl
      - pypi: https://files.pythonhosted.org/packages/c7/0d/67e5b4109ea4a837e80daa87c2c696711955e40449a97e8926672534def2/click-8.4.1-py3-none-any.whl
      - pypi: https://files.pythonhosted.org/packages/27/b2/8ff944f25c0fc9e5ae9deef1707029784019b78a1df2a7d0b24d581be1a2/coremltools-9.0-cp311-none-macosx_11_0_arm64.whl
      - pypi: https://files.pythonhosted.org/packages/2a/09/f8d8f8f31e4483c10a906437b4ce31bdf3d6d417b73fe33f1a8b59e34228/einops-0.8.2-py3-none-any.whl
      - pypi: https://files.pythonhosted.org/packages/81/47/dd9a212ef6e343a6857485ffe25bba537304f1913bdbed446a23f7f592e1/filelock-3.29.0-py3-none-any.whl
      - pypi: https://files.pythonhosted.org/packages/d5/0c/043d5e551459da400957a1395e0febbf771446ff34291afcbe3d8be2a279/fsspec-2026.4.0-py3-none-any.whl
      - pypi: https://files.pythonhosted.org/packages/04/4b/29cac41a4d98d144bf5f6d33995617b185d14b22401f75ca86f384e87ff1/h11-0.16.0-py3-none-any.whl
      - pypi: https://files.pythonhosted.org/packages/9b/ff/edcc2b40162bef3ff78e14ab637e5f3b89243d6aee72f5949d3bb6a5af83/hf_xet-1.5.0-cp37-abi3-macosx_11_0_arm64.whl
      - pypi: https://files.pythonhosted.org/packages/7e/f5/f66802a942d491edb555dd61e3a9961140fd64c90bce1eafd741609d334d/httpcore-1.0.9-py3-none-any.whl
      - pypi: https://files.pythonhosted.org/packages/2a/39/e50c7c3a983047577ee07d2a9e53faf5a69493943ec3f6a384bdc792deb2/httpx-0.28.1-py3-none-any.whl
      - pypi: https://files.pythonhosted.org/packages/02/28/d7cef5e477b855c25d415b8f57e5bc7347c7a90cad3acf1725d0c92ca294/huggingface_hub-1.17.0-py3-none-any.whl
      - pypi: https://files.pythonhosted.org/packages/de/a7/f76514cc40ad6234098ecdebda08732d75964776c51a42845b7da10649e2/idna-3.17-py3-none-any.whl
      - pypi: https://files.pythonhosted.org/packages/62/a1/3d680cbfd5f4b8f15abc1d571870c5fc3e594bb582bc3b64ea099db13e56/jinja2-3.1.6-py3-none-any.whl
      - pypi: https://files.pythonhosted.org/packages/b3/81/4da04ced5a082363ecfa159c010d200ecbd959ae410c10c0264a38cac0f5/markdown_it_py-4.2.0-py3-none-any.whl
      - pypi: https://files.pythonhosted.org/packages/e1/2e/5898933336b61975ce9dc04decbc0a7f2fee78c30353c5efba7f2d6ff27a/markupsafe-3.0.3-cp311-cp311-macosx_11_0_arm64.whl
      - pypi: https://files.pythonhosted.org/packages/b3/38/89ba8ad64ae25be8de66a6d463314cf1eb366222074cfda9ee839c56a4b4/mdurl-0.1.2-py3-none-any.whl
      - pypi: https://files.pythonhosted.org/packages/43/e3/7d92a15f894aa0c9c4b49b8ee9ac9850d6e63b03c9c32c0367a13ae62209/mpmath-1.3.0-py3-none-any.whl
      - pypi: https://files.pythonhosted.org/packages/9e/c9/b2622292ea83fbb4ec318f5b9ab867d0a28ab43c5717bb85b0a5f6b3b0a4/networkx-3.6.1-py3-none-any.whl
      - pypi: https://files.pythonhosted.org/packages/0e/0d/f5957185c0ee2f3e12f78715aa9e3b353fd83633316c8532b38faa37e3f6/numpy-2.4.6-cp311-cp311-macosx_11_0_arm64.whl
      - pypi: https://files.pythonhosted.org/packages/54/c4/ef868230e7d6e2cf9dbb18f7586dae8ecca54489a8cef3e5356a09f3cbcc/openexr-3.4.12-cp311-cp311-macosx_11_0_arm64.whl
      - pypi: https://files.pythonhosted.org/packages/47/a1/d5ff69e747374c33a3b53b9f98cca7889fce1fd03d79cdc4e1bccc6c5a87/pillow-12.2.0-cp311-cp311-macosx_11_0_arm64.whl
      - pypi: https://files.pythonhosted.org/packages/10/03/8aeeb7458d22546bf64b5250ca1daeb5ff757d900e8e4a7476c6f0db843e/protobuf-7.35.1-cp310-abi3-macosx_10_9_universal2.whl
      - pypi: https://files.pythonhosted.org/packages/a6/26/3f05f9e3692853dff663913d5d62fb8df3f5640c8d70b06588c0b51ed953/pyaml-26.7.0-py3-none-any.whl
      - pypi: https://files.pythonhosted.org/packages/f4/7e/a72dd26f3b0f4f2bf1dd8923c85f7ceb43172af56d63c7383eb62b332364/pygments-2.20.0-py3-none-any.whl
      - pypi: https://files.pythonhosted.org/packages/16/19/13de8e4377ed53079ee996e1ab0a9c33ec2faf808a4647b7b4c0d46dd239/pyyaml-6.0.3-cp311-cp311-macosx_11_0_arm64.whl
      - pypi: https://files.pythonhosted.org/packages/82/3b/64d4899d73f91ba49a8c18a8ff3f0ea8f1c1d75481760df8c68ef5235bf5/rich-15.0.0-py3-none-any.whl
      - pypi: https://files.pythonhosted.org/packages/e8/00/374c0c068e30cd31f1e1b46b4b5738168ec79e7689ca82ee93ddfea05109/safetensors-0.7.0-cp38-abi3-macosx_11_0_arm64.whl
      - pypi: https://files.pythonhosted.org/packages/f7/58/bccc2861b305abdd1b8663d6130c0b3d7cc22e8d86663edbc8401bfd40d4/scipy-1.17.1-cp311-cp311-macosx_12_0_arm64.whl
      - pypi: https://files.pythonhosted.org/packages/e0/f9/0595336914c5619e5f28a1fb793285925a8cd4b432c9da0a987836c7f822/shellingham-1.5.4-py2.py3-none-any.whl
      - pypi: https://files.pythonhosted.org/packages/a2/09/77d55d46fd61b4a135c444fc97158ef34a095e5681d0a6c10b75bf356191/sympy-1.14.0-py3-none-any.whl
      - pypi: https://files.pythonhosted.org/packages/1a/e4/e804505f87627cd8cdae9c010c47c4485fd8c1ce31a7dd0ab7fcc4707377/tifffile-2026.3.3-py3-none-any.whl
      - pypi: https://files.pythonhosted.org/packages/1f/2e/26bab7686ff4aed48f8f5f6c23e2aa37b7a37ddd9effe3aa61e908fd518f/timm-1.0.27-py3-none-any.whl
      - pypi: https://files.pythonhosted.org/packages/0f/8b/4b61d6e13f7108f36910df9ab4b58fd389cc2520d54d81b88660804aad99/torch-2.10.0-2-cp311-none-macosx_11_0_arm64.whl
      - pypi: https://files.pythonhosted.org/packages/3e/be/c704bceaf11c4f6b19d64337a34a877fcdfe3bd68160a8c9ae9bea4a35a3/torchvision-0.25.0-cp311-cp311-macosx_11_0_arm64.whl
      - pypi: https://files.pythonhosted.org/packages/16/e1/3079a9ff9b8e11b846c6ac5c8b5bfb7ff225eee721825310c91b3b50304f/tqdm-4.67.3-py3-none-any.whl
      - pypi: https://files.pythonhosted.org/packages/3f/f9/2b3ff4e56e5fa7debfaf9eb135d0da96f3e9a1d5b27222223c7296336e5f/typer-0.25.1-py3-none-any.whl
      - pypi: https://files.pythonhosted.org/packages/18/67/36e9267722cc04a6b9f15c7f3441c2363321a3ea07da7ae0c0707beb2a9c/typing_extensions-4.15.0-py3-none-any.whl
      - pypi: ./
packages:
- pypi: https://files.pythonhosted.org/packages/1e/d3/26bf1008eb3d2daa8ef4cacc7f3bfdc11818d111f7e2d0201bc6e3b49d45/annotated_doc-0.0.4-py3-none-any.whl
  name: annotated-doc
  version: 0.0.4
  sha256: 571ac1dc6991c450b25a9c2d84a3705e2ae7a53467b5d111c24fa8baabbed320
  requires_python: '>=3.8'
- pypi: https://files.pythonhosted.org/packages/da/42/e921fccf5015463e32a3cf6ee7f980a6ed0f395ceeaa45060b61d86486c2/anyio-4.13.0-py3-none-any.whl
  name: anyio
  version: 4.13.0
  sha256: 08b310f9e24a9594186fd75b4f73f4a4152069e3853f1ed8bfbf58369f4ad708
  requires_dist:
  - exceptiongroup>=1.0.2 ; python_full_version < '3.11'
  - idna>=2.8
  - typing-extensions>=4.5 ; python_full_version < '3.13'
  - trio>=0.32.0 ; extra == 'trio'
  requires_python: '>=3.10'
- pypi: https://files.pythonhosted.org/packages/64/b4/17d4b0b2a2dc85a6df63d1157e028ed19f90d4cd97c36717afef2bc2f395/attrs-26.1.0-py3-none-any.whl
  name: attrs
  version: 26.1.0
  sha256: c647aa4a12dfbad9333ca4e71fe62ddc36f4e63b2d260a37a8b83d2f043ac309
  requires_python: '>=3.9'
- conda: https://conda.anaconda.org/conda-forge/osx-arm64/bzip2-1.0.8-hd037594_9.conda
  sha256: 540fe54be35fac0c17feefbdc3e29725cce05d7367ffedfaaa1bdda234b019df
  md5: 620b85a3f45526a8bc4d23fd78fc22f0
  depends:
  - __osx >=11.0
  license: bzip2-1.0.6
  license_family: BSD
  purls: []
  size: 124834
  timestamp: 1771350416561
- conda: https://conda.anaconda.org/conda-forge/noarch/ca-certificates-2026.5.20-hbd8a1cb_0.conda
  sha256: 9812a303a1395e1dafbd92e5bc8a1ff6013bcbba0a09c7f03a8d23e43560aa9b
  md5: 489b8e97e666c93f68fdb35c3c9b957f
  depends:
  - __unix
  license: ISC
  purls: []
  size: 129868
  timestamp: 1779289852439
- pypi: https://files.pythonhosted.org/packages/80/56/60547f7801b97c67e97491dc3d9ade9fbccbd0325058fd3dfcb2f5d98d90/cattrs-26.1.0-py3-none-any.whl
  name: cattrs
  version: 26.1.0
  sha256: d1e0804c42639494d469d08d4f26d6b9de9b8ab26b446db7b5f8c2e97f7c3096
  requires_dist:
  - attrs>=25.4.0
  - exceptiongroup>=1.1.1 ; python_full_version < '3.11'
  - typing-extensions>=4.14.0
  - pymongo>=4.4.0 ; extra == 'bson'
  - cbor2>=5.4.6 ; extra == 'cbor2'
  - msgpack>=1.0.5 ; extra == 'msgpack'
  - msgspec>=0.19.0 ; implementation_name == 'cpython' and extra == 'msgspec'
  - orjson>=3.11.3 ; implementation_name == 'cpython' and extra == 'orjson'
  - pyyaml>=6.0 ; extra == 'pyyaml'
  - tomlkit>=0.11.8 ; extra == 'tomlkit'
  - tomli-w>=1.1.0 ; extra == 'tomllib'
  - tomli>=1.1.0 ; python_full_version < '3.11' and extra == 'tomllib'
  - ujson>=5.10.0 ; extra == 'ujson'
  requires_python: '>=3.10'
- pypi: https://files.pythonhosted.org/packages/59/8c/57e832b7af6d7c5abe66eb3fbe3a3a32f4d11ea23a1aa7131371035be991/certifi-2026.5.20-py3-none-any.whl
  name: certifi
  version: 2026.5.20
  sha256: 3c52e209ba0a4ad7aebe60436a4ab349c39e1e602e8c134221e546902ad25897
  requires_python: '>=3.7'
- pypi: https://files.pythonhosted.org/packages/c7/0d/67e5b4109ea4a837e80daa87c2c696711955e40449a97e8926672534def2/click-8.4.1-py3-none-any.whl
  name: click
  version: 8.4.1
  sha256: 482be17c6991b8c19c5429a1e995d9b0efdbb63172824c41f99965dc0ade8ec2
  requires_dist:
  - colorama ; sys_platform == 'win32'
  requires_python: '>=3.10'
- pypi: https://files.pythonhosted.org/packages/27/b2/8ff944f25c0fc9e5ae9deef1707029784019b78a1df2a7d0b24d581be1a2/coremltools-9.0-cp311-none-macosx_11_0_arm64.whl
  name: coremltools
  version: '9.0'
  sha256: 0e079fea3f13f96a30587c9f7375796ff61cad53f703bde53c56fbf1374813ed
  requires_dist:
  - numpy>=1.14.5
  - protobuf>=3.1.0
  - sympy
  - tqdm
  - packaging
  - attrs>=21.3.0
  - cattrs
  - pyaml
- pypi: https://files.pythonhosted.org/packages/2a/09/f8d8f8f31e4483c10a906437b4ce31bdf3d6d417b73fe33f1a8b59e34228/einops-0.8.2-py3-none-any.whl
  name: einops
  version: 0.8.2
  sha256: 54058201ac7087911181bfec4af6091bb59380360f069276601256a76af08193
  requires_python: '>=3.9'
- pypi: https://files.pythonhosted.org/packages/81/47/dd9a212ef6e343a6857485ffe25bba537304f1913bdbed446a23f7f592e1/filelock-3.29.0-py3-none-any.whl
  name: filelock
  version: 3.29.0
  sha256: 96f5f6344709aa1572bbf631c640e4ebeeb519e08da902c39a001882f30ac258
  requires_python: '>=3.10'
- pypi: https://files.pythonhosted.org/packages/d5/0c/043d5e551459da400957a1395e0febbf771446ff34291afcbe3d8be2a279/fsspec-2026.4.0-py3-none-any.whl
  name: fsspec
  version: 2026.4.0
  sha256: 11ef7bb35dab8a394fde6e608221d5cf3e8499401c249bebaeaad760a1a8dec2
  requires_dist:
  - adlfs ; extra == 'abfs'
  - adlfs ; extra == 'adl'
  - pyarrow>=1 ; extra == 'arrow'
  - dask ; extra == 'dask'
  - distributed ; extra == 'dask'
  - pre-commit ; extra == 'dev'
  - ruff>=0.5 ; extra == 'dev'
  - numpydoc ; extra == 'doc'
  - sphinx ; extra == 'doc'
  - sphinx-design ; extra == 'doc'
  - sphinx-rtd-theme ; extra == 'doc'
  - yarl ; extra == 'doc'
  - dropbox ; extra == 'dropbox'
  - dropboxdrivefs ; extra == 'dropbox'
  - requests ; extra == 'dropbox'
  - adlfs ; extra == 'full'
  - aiohttp!=4.0.0a0,!=4.0.0a1 ; extra == 'full'
  - dask ; extra == 'full'
  - distributed ; extra == 'full'
  - dropbox ; extra == 'full'
  - dropboxdrivefs ; extra == 'full'
  - fusepy ; extra == 'full'
  - gcsfs>2024.2.0 ; extra == 'full'
  - libarchive-c ; extra == 'full'
  - ocifs ; extra == 'full'
  - panel ; extra == 'full'
  - paramiko ; extra == 'full'
  - pyarrow>=1 ; extra == 'full'
  - pygit2 ; extra == 'full'
  - requests ; extra == 'full'
  - s3fs>2024.2.0 ; extra == 'full'
  - smbprotocol ; extra == 'full'
  - tqdm ; extra == 'full'
  - fusepy ; extra == 'fuse'
  - gcsfs>2024.2.0 ; extra == 'gcs'
  - pygit2 ; extra == 'git'
  - requests ; extra == 'github'
  - gcsfs ; extra == 'gs'
  - panel ; extra == 'gui'
  - pyarrow>=1 ; extra == 'hdfs'
  - aiohttp!=4.0.0a0,!=4.0.0a1 ; extra == 'http'
  - libarchive-c ; extra == 'libarchive'
  - ocifs ; extra == 'oci'
  - s3fs>2024.2.0 ; extra == 's3'
  - paramiko ; extra == 'sftp'
  - smbprotocol ; extra == 'smb'
  - paramiko ; extra == 'ssh'
  - aiohttp!=4.0.0a0,!=4.0.0a1 ; extra == 'test'
  - numpy ; extra == 'test'
  - pytest ; extra == 'test'
  - pytest-asyncio!=0.22.0 ; extra == 'test'
  - pytest-benchmark ; extra == 'test'
  - pytest-cov ; extra == 'test'
  - pytest-mock ; extra == 'test'
  - pytest-recording ; extra == 'test'
  - pytest-rerunfailures ; extra == 'test'
  - requests ; extra == 'test'
  - aiobotocore>=2.5.4,<3.0.0 ; extra == 'test-downstream'
  - dask[dataframe,test] ; extra == 'test-downstream'
  - moto[server]>4,<5 ; extra == 'test-downstream'
  - pytest-timeout ; extra == 'test-downstream'
  - xarray ; extra == 'test-downstream'
  - adlfs ; extra == 'test-full'
  - aiohttp!=4.0.0a0,!=4.0.0a1 ; extra == 'test-full'
  - backports-zstd ; python_full_version < '3.14' and extra == 'test-full'
  - cloudpickle ; extra == 'test-full'
  - dask ; extra == 'test-full'
  - distributed ; extra == 'test-full'
  - dropbox ; extra == 'test-full'
  - dropboxdrivefs ; extra == 'test-full'
  - fastparquet ; extra == 'test-full'
  - fusepy ; extra == 'test-full'
  - gcsfs ; extra == 'test-full'
  - jinja2 ; extra == 'test-full'
  - kerchunk ; extra == 'test-full'
  - libarchive-c ; extra == 'test-full'
  - lz4 ; extra == 'test-full'
  - notebook ; extra == 'test-full'
  - numpy ; extra == 'test-full'
  - ocifs ; extra == 'test-full'
  - pandas<3.0.0 ; extra == 'test-full'
  - panel ; extra == 'test-full'
  - paramiko ; extra == 'test-full'
  - pyarrow ; extra == 'test-full'
  - pyarrow>=1 ; extra == 'test-full'
  - pyftpdlib ; extra == 'test-full'
  - pygit2 ; extra == 'test-full'
  - pytest ; extra == 'test-full'
  - pytest-asyncio!=0.22.0 ; extra == 'test-full'
  - pytest-benchmark ; extra == 'test-full'
  - pytest-cov ; extra == 'test-full'
  - pytest-mock ; extra == 'test-full'
  - pytest-recording ; extra == 'test-full'
  - pytest-rerunfailures ; extra == 'test-full'
  - python-snappy ; extra == 'test-full'
  - requests ; extra == 'test-full'
  - smbprotocol ; extra == 'test-full'
  - tqdm ; extra == 'test-full'
  - urllib3 ; extra == 'test-full'
  - zarr ; extra == 'test-full'
  - zstandard ; python_full_version < '3.14' and extra == 'test-full'
  - tqdm ; extra == 'tqdm'
  requires_python: '>=3.10'
- pypi: https://files.pythonhosted.org/packages/04/4b/29cac41a4d98d144bf5f6d33995617b185d14b22401f75ca86f384e87ff1/h11-0.16.0-py3-none-any.whl
  name: h11
  version: 0.16.0
  sha256: 63cf8bbe7522de3bf65932fda1d9c2772064ffb3dae62d55932da54b31cb6c86
  requires_python: '>=3.8'
- pypi: https://files.pythonhosted.org/packages/9b/ff/edcc2b40162bef3ff78e14ab637e5f3b89243d6aee72f5949d3bb6a5af83/hf_xet-1.5.0-cp37-abi3-macosx_11_0_arm64.whl
  name: hf-xet
  version: 1.5.0
  sha256: fd6e5a9b0fdac4ed03ed45ef79254a655b1aaab514a02202617fbf643f5fdf7a
  requires_dist:
  - pytest ; extra == 'tests'
  requires_python: '>=3.8'
- pypi: https://files.pythonhosted.org/packages/7e/f5/f66802a942d491edb555dd61e3a9961140fd64c90bce1eafd741609d334d/httpcore-1.0.9-py3-none-any.whl
  name: httpcore
  version: 1.0.9
  sha256: 2d400746a40668fc9dec9810239072b40b4484b640a8c38fd654a024c7a1bf55
  requires_dist:
  - certifi
  - h11>=0.16
  - anyio>=4.0,<5.0 ; extra == 'asyncio'
  - h2>=3,<5 ; extra == 'http2'
  - socksio==1.* ; extra == 'socks'
  - trio>=0.22.0,<1.0 ; extra == 'trio'
  requires_python: '>=3.8'
- pypi: https://files.pythonhosted.org/packages/2a/39/e50c7c3a983047577ee07d2a9e53faf5a69493943ec3f6a384bdc792deb2/httpx-0.28.1-py3-none-any.whl
  name: httpx
  version: 0.28.1
  sha256: d909fcccc110f8c7faf814ca82a9a4d816bc5a6dbfea25d6591d6985b8ba59ad
  requires_dist:
  - anyio
  - certifi
  - httpcore==1.*
  - idna
  - brotli ; platform_python_implementation == 'CPython' and extra == 'brotli'
  - brotlicffi ; platform_python_implementation != 'CPython' and extra == 'brotli'
  - click==8.* ; extra == 'cli'
  - pygments==2.* ; extra == 'cli'
  - rich>=10,<14 ; extra == 'cli'
  - h2>=3,<5 ; extra == 'http2'
  - socksio==1.* ; extra == 'socks'
  - zstandard>=0.18.0 ; extra == 'zstd'
  requires_python: '>=3.8'
- pypi: https://files.pythonhosted.org/packages/02/28/d7cef5e477b855c25d415b8f57e5bc7347c7a90cad3acf1725d0c92ca294/huggingface_hub-1.17.0-py3-none-any.whl
  name: huggingface-hub
  version: 1.17.0
  sha256: 3b8156d23118e87f6a587648bfbc04f04a12a757ccb4ed298b35c4ae638bf24c
  requires_dist:
  - click>=8.4.0
  - filelock>=3.10.0
  - fsspec>=2023.5.0
  - hf-xet>=1.4.3,<2.0.0 ; platform_machine == 'AMD64' or platform_machine == 'aarch64' or platform_machine == 'amd64' or platform_machine == 'arm64' or platform_machine == 'x86_64'
  - httpx>=0.23.0,<1
  - packaging>=20.9
  - pyyaml>=5.1
  - tqdm>=4.42.1
  - typer>=0.20.0,<0.26.0
  - typing-extensions>=4.1.0
  - authlib>=1.3.2 ; extra == 'oauth'
  - fastapi ; extra == 'oauth'
  - httpx ; extra == 'oauth'
  - itsdangerous ; extra == 'oauth'
  - torch ; extra == 'torch'
  - safetensors[torch] ; extra == 'torch'
  - toml ; extra == 'fastai'
  - fastai>=2.4 ; extra == 'fastai'
  - fastcore>=1.3.27 ; extra == 'fastai'
  - hf-xet>=1.4.3,<2.0.0 ; extra == 'hf-xet'
  - mcp>=1.8.0 ; extra == 'mcp'
  - authlib>=1.3.2 ; extra == 'testing'
  - fastapi ; extra == 'testing'
  - httpx ; extra == 'testing'
  - itsdangerous ; extra == 'testing'
  - jedi ; extra == 'testing'
  - jinja2 ; extra == 'testing'
  - pytest>=8.4.2 ; extra == 'testing'
  - pytest-cov ; extra == 'testing'
  - pytest-env ; extra == 'testing'
  - pytest-xdist ; extra == 'testing'
  - pytest-vcr ; extra == 'testing'
  - pytest-asyncio ; extra == 'testing'
  - pytest-rerunfailures<16.0 ; extra == 'testing'
  - pytest-mock ; extra == 'testing'
  - urllib3<2.0 ; extra == 'testing'
  - soundfile ; extra == 'testing'
  - pillow ; extra == 'testing'
  - numpy ; extra == 'testing'
  - duckdb ; extra == 'testing'
  - fastapi ; extra == 'testing'
  - gradio>=5.0.0 ; extra == 'gradio'
  - requests ; extra == 'gradio'
  - typing-extensions>=4.8.0 ; extra == 'typing'
  - types-pyyaml ; extra == 'typing'
  - types-simplejson ; extra == 'typing'
  - types-toml ; extra == 'typing'
  - types-tqdm ; extra == 'typing'
  - types-urllib3 ; extra == 'typing'
  - ruff>=0.9.0 ; extra == 'quality'
  - mypy==1.15.0 ; extra == 'quality'
  - libcst>=1.4.0 ; extra == 'quality'
  - ty ; extra == 'quality'
  - authlib>=1.3.2 ; extra == 'all'
  - fastapi ; extra == 'all'
  - httpx ; extra == 'all'
  - itsdangerous ; extra == 'all'
  - jedi ; extra == 'all'
  - jinja2 ; extra == 'all'
  - pytest>=8.4.2 ; extra == 'all'
  - pytest-cov ; extra == 'all'
  - pytest-env ; extra == 'all'
  - pytest-xdist ; extra == 'all'
  - pytest-vcr ; extra == 'all'
  - pytest-asyncio ; extra == 'all'
  - pytest-rerunfailures<16.0 ; extra == 'all'
  - pytest-mock ; extra == 'all'
  - urllib3<2.0 ; extra == 'all'
  - soundfile ; extra == 'all'
  - pillow ; extra == 'all'
  - numpy ; extra == 'all'
  - duckdb ; extra == 'all'
  - fastapi ; extra == 'all'
  - ruff>=0.9.0 ; extra == 'all'
  - mypy==1.15.0 ; extra == 'all'
  - libcst>=1.4.0 ; extra == 'all'
  - ty ; extra == 'all'
  - typing-extensions>=4.8.0 ; extra == 'all'
  - types-pyyaml ; extra == 'all'
  - types-simplejson ; extra == 'all'
  - types-toml ; extra == 'all'
  - types-tqdm ; extra == 'all'
  - types-urllib3 ; extra == 'all'
  - authlib>=1.3.2 ; extra == 'dev'
  - fastapi ; extra == 'dev'
  - httpx ; extra == 'dev'
  - itsdangerous ; extra == 'dev'
  - jedi ; extra == 'dev'
  - jinja2 ; extra == 'dev'
  - pytest>=8.4.2 ; extra == 'dev'
  - pytest-cov ; extra == 'dev'
  - pytest-env ; extra == 'dev'
  - pytest-xdist ; extra == 'dev'
  - pytest-vcr ; extra == 'dev'
  - pytest-asyncio ; extra == 'dev'
  - pytest-rerunfailures<16.0 ; extra == 'dev'
  - pytest-mock ; extra == 'dev'
  - urllib3<2.0 ; extra == 'dev'
  - soundfile ; extra == 'dev'
  - pillow ; extra == 'dev'
  - numpy ; extra == 'dev'
  - duckdb ; extra == 'dev'
  - fastapi ; extra == 'dev'
  - ruff>=0.9.0 ; extra == 'dev'
  - mypy==1.15.0 ; extra == 'dev'
  - libcst>=1.4.0 ; extra == 'dev'
  - ty ; extra == 'dev'
  - typing-extensions>=4.8.0 ; extra == 'dev'
  - types-pyyaml ; extra == 'dev'
  - types-simplejson ; extra == 'dev'
  - types-toml ; extra == 'dev'
  - types-tqdm ; extra == 'dev'
  - types-urllib3 ; extra == 'dev'
  requires_python: '>=3.10.0'
- pypi: https://files.pythonhosted.org/packages/de/a7/f76514cc40ad6234098ecdebda08732d75964776c51a42845b7da10649e2/idna-3.17-py3-none-any.whl
  name: idna
  version: '3.17'
  sha256: 466e48829084efe2548012b855df21540b96f2e20e51bd124c851536556a592c
  requires_dist:
  - ruff>=0.6.2 ; extra == 'all'
  - mypy>=1.11.2 ; extra == 'all'
  - pytest>=8.3.2 ; extra == 'all'
  requires_python: '>=3.9'
- pypi: https://files.pythonhosted.org/packages/62/a1/3d680cbfd5f4b8f15abc1d571870c5fc3e594bb582bc3b64ea099db13e56/jinja2-3.1.6-py3-none-any.whl
  name: jinja2
  version: 3.1.6
  sha256: 85ece4451f492d0c13c5dd7c13a64681a86afae63a5f347908daf103ce6d2f67
  requires_dist:
  - markupsafe>=2.0
  - babel>=2.7 ; extra == 'i18n'
  requires_python: '>=3.7'
- conda: https://conda.anaconda.org/conda-forge/osx-arm64/libexpat-2.8.1-hf6b4638_0.conda
  sha256: 3133fb6bfa871288b92c8b8752696686a841bf4ffe035aa3038033c9e15b738e
  md5: ef22e9ab1dc7c2f334252f565f90b3b8
  depends:
  - __osx >=11.0
  constrains:
  - expat 2.8.1.*
  license: MIT
  license_family: MIT
  purls: []
  size: 69110
  timestamp: 1779278728511
- conda: https://conda.anaconda.org/conda-forge/osx-arm64/libffi-3.5.2-hcf2aa1b_0.conda
  sha256: 6686a26466a527585e6a75cc2a242bf4a3d97d6d6c86424a441677917f28bec7
  md5: 43c04d9cb46ef176bb2a4c77e324d599
  depends:
  - __osx >=11.0
  license: MIT
  license_family: MIT
  purls: []
  size: 40979
  timestamp: 1769456747661
- conda: https://conda.anaconda.org/conda-forge/osx-arm64/liblzma-5.8.3-h8088a28_0.conda
  sha256: 34878d87275c298f1a732c6806349125cebbf340d24c6c23727268184bba051e
  md5: b1fd823b5ae54fbec272cea0811bd8a9
  depends:
  - __osx >=11.0
  constrains:
  - xz 5.8.3.*
  license: 0BSD
  purls: []
  size: 92472
  timestamp: 1775825802659
- conda: https://conda.anaconda.org/conda-forge/osx-arm64/libsqlite-3.53.1-h1b79a29_0.conda
  sha256: 49daec7c83e70d4efc17b813547824bc2bcf2f7256d84061d24fbfe537da9f74
  md5: 6681822ea9d362953206352371b6a904
  depends:
  - __osx >=11.0
  - libzlib >=1.3.2,<2.0a0
  license: blessing
  purls: []
  size: 920047
  timestamp: 1777987051643
- conda: https://conda.anaconda.org/conda-forge/osx-arm64/libzlib-1.3.2-h8088a28_2.conda
  sha256: 361415a698514b19a852f5d1123c5da746d4642139904156ddfca7c922d23a05
  md5: bc5a5721b6439f2f62a84f2548136082
  depends:
  - __osx >=11.0
  constrains:
  - zlib 1.3.2 *_2
  license: Zlib
  license_family: Other
  purls: []
  size: 47759
  timestamp: 1774072956767
- pypi: https://files.pythonhosted.org/packages/b3/81/4da04ced5a082363ecfa159c010d200ecbd959ae410c10c0264a38cac0f5/markdown_it_py-4.2.0-py3-none-any.whl
  name: markdown-it-py
  version: 4.2.0
  sha256: 9f7ebbcd14fe59494226453aed97c1070d83f8d24b6fc3a3bcf9a38092641c4a
  requires_dist:
  - mdurl~=0.1
  - psutil ; extra == 'benchmarking'
  - pytest ; extra == 'benchmarking'
  - pytest-benchmark ; extra == 'benchmarking'
  - commonmark~=0.9 ; extra == 'compare'
  - markdown~=3.4 ; extra == 'compare'
  - mistletoe~=1.0 ; extra == 'compare'
  - mistune~=3.0 ; extra == 'compare'
  - panflute~=2.3 ; extra == 'compare'
  - markdown-it-pyrs ; extra == 'compare'
  - linkify-it-py>=1,<3 ; extra == 'linkify'
  - mdit-py-plugins>=0.5.0 ; extra == 'plugins'
  - gprof2dot ; extra == 'profiling'
  - mdit-py-plugins>=0.5.0 ; extra == 'rtd'
  - myst-parser ; extra == 'rtd'
  - pyyaml ; extra == 'rtd'
  - sphinx ; extra == 'rtd'
  - sphinx-copybutton ; extra == 'rtd'
  - sphinx-design ; extra == 'rtd'
  - sphinx-book-theme~=1.0 ; extra == 'rtd'
  - jupyter-sphinx ; extra == 'rtd'
  - ipykernel ; extra == 'rtd'
  - coverage ; extra == 'testing'
  - pytest ; extra == 'testing'
  - pytest-cov ; extra == 'testing'
  - pytest-regressions ; extra == 'testing'
  - pytest-timeout ; extra == 'testing'
  - requests ; extra == 'testing'
  requires_python: '>=3.10'
- pypi: https://files.pythonhosted.org/packages/e1/2e/5898933336b61975ce9dc04decbc0a7f2fee78c30353c5efba7f2d6ff27a/markupsafe-3.0.3-cp311-cp311-macosx_11_0_arm64.whl
  name: markupsafe
  version: 3.0.3
  sha256: 4bd4cd07944443f5a265608cc6aab442e4f74dff8088b0dfc8238647b8f6ae9a
  requires_python: '>=3.9'
- pypi: https://files.pythonhosted.org/packages/b3/38/89ba8ad64ae25be8de66a6d463314cf1eb366222074cfda9ee839c56a4b4/mdurl-0.1.2-py3-none-any.whl
  name: mdurl
  version: 0.1.2
  sha256: 84008a41e51615a49fc9966191ff91509e3c40b939176e643fd50a5c2196b8f8
  requires_python: '>=3.7'
- pypi: https://files.pythonhosted.org/packages/43/e3/7d92a15f894aa0c9c4b49b8ee9ac9850d6e63b03c9c32c0367a13ae62209/mpmath-1.3.0-py3-none-any.whl
  name: mpmath
  version: 1.3.0
  sha256: a0b2b9fe80bbcd81a6647ff13108738cfb482d481d826cc0e02f5b35e5c88d2c
  requires_dist:
  - pytest>=4.6 ; extra == 'develop'
  - pycodestyle ; extra == 'develop'
  - pytest-cov ; extra == 'develop'
  - codecov ; extra == 'develop'
  - wheel ; extra == 'develop'
  - sphinx ; extra == 'docs'
  - gmpy2>=2.1.0a4 ; platform_python_implementation != 'PyPy' and extra == 'gmpy'
  - pytest>=4.6 ; extra == 'tests'
- pypi: ./
  name: nagi-denoise
  version: 1.0.0
  sha256: 632d17b87358430ff0338cde59c041acec721b45bb805b8cdd6442cf27a3f143
  requires_dist:
  - torch>=2.1
  - numpy>=1.24
  - pillow>=10.0
  - pyyaml>=6.0
  - scipy>=1.10
  - einops>=0.7
  - tifffile>=2024.1
  - opencv-python>=4.8 ; extra == 'hdr-io'
  - coremltools>=9,<10 ; extra == 'coreml'
  - huggingface-hub>=0.23 ; extra == 'hub'
  requires_python: '>=3.10'
- conda: https://conda.anaconda.org/conda-forge/osx-arm64/ncurses-6.6-h1d4f5a5_0.conda
  sha256: 4ea6c620b87bd1d42bb2ccc2c87cd2483fa2d7f9e905b14c223f11ff3f4c455d
  md5: 343d10ed5b44030a2f67193905aea159
  depends:
  - __osx >=11.0
  license: X11 AND BSD-3-Clause
  purls: []
  size: 805509
  timestamp: 1777423252320
- pypi: https://files.pythonhosted.org/packages/9e/c9/b2622292ea83fbb4ec318f5b9ab867d0a28ab43c5717bb85b0a5f6b3b0a4/networkx-3.6.1-py3-none-any.whl
  name: networkx
  version: 3.6.1
  sha256: d47fbf302e7d9cbbb9e2555a0d267983d2aa476bac30e90dfbe5669bd57f3762
  requires_dist:
  - asv ; extra == 'benchmarking'
  - virtualenv ; extra == 'benchmarking'
  - numpy>=1.25 ; extra == 'default'
  - scipy>=1.11.2 ; extra == 'default'
  - matplotlib>=3.8 ; extra == 'default'
  - pandas>=2.0 ; extra == 'default'
  - pre-commit>=4.1 ; extra == 'developer'
  - mypy>=1.15 ; extra == 'developer'
  - sphinx>=8.0 ; extra == 'doc'
  - pydata-sphinx-theme>=0.16 ; extra == 'doc'
  - sphinx-gallery>=0.18 ; extra == 'doc'
  - numpydoc>=1.8.0 ; extra == 'doc'
  - pillow>=10 ; extra == 'doc'
  - texext>=0.6.7 ; extra == 'doc'
  - myst-nb>=1.1 ; extra == 'doc'
  - intersphinx-registry ; extra == 'doc'
  - osmnx>=2.0.0 ; extra == 'example'
  - momepy>=0.7.2 ; extra == 'example'
  - contextily>=1.6 ; extra == 'example'
  - seaborn>=0.13 ; extra == 'example'
  - cairocffi>=1.7 ; extra == 'example'
  - igraph>=0.11 ; extra == 'example'
  - scikit-learn>=1.5 ; extra == 'example'
  - iplotx>=0.9.0 ; extra == 'example'
  - lxml>=4.6 ; extra == 'extra'
  - pygraphviz>=1.14 ; extra == 'extra'
  - pydot>=3.0.1 ; extra == 'extra'
  - sympy>=1.10 ; extra == 'extra'
  - build>=0.10 ; extra == 'release'
  - twine>=4.0 ; extra == 'release'
  - wheel>=0.40 ; extra == 'release'
  - changelist==0.5 ; extra == 'release'
  - pytest>=7.2 ; extra == 'test'
  - pytest-cov>=4.0 ; extra == 'test'
  - pytest-xdist>=3.0 ; extra == 'test'
  - pytest-mpl ; extra == 'test-extras'
  - pytest-randomly ; extra == 'test-extras'
  requires_python: '>=3.11,!=3.14.1'
- pypi: https://files.pythonhosted.org/packages/0e/0d/f5957185c0ee2f3e12f78715aa9e3b353fd83633316c8532b38faa37e3f6/numpy-2.4.6-cp311-cp311-macosx_11_0_arm64.whl
  name: numpy
  version: 2.4.6
  sha256: 110f8b71aacb688ec69062bb7f6938a0f8acb01b7c1c4beb453c65b6d234584d
  requires_python: '>=3.11'
- pypi: https://files.pythonhosted.org/packages/54/c4/ef868230e7d6e2cf9dbb18f7586dae8ecca54489a8cef3e5356a09f3cbcc/openexr-3.4.12-cp311-cp311-macosx_11_0_arm64.whl
  name: openexr
  version: 3.4.12
  sha256: 983ab3a11ca74bae35d298c09cfa979f16646cd950fc4defa5620cf6ef9c58c9
  requires_dist:
  - numpy>=1.7.0
  - pytest ; extra == 'test'
  requires_python: '>=3.7'
- conda: https://conda.anaconda.org/conda-forge/osx-arm64/openssl-3.6.2-hd24854e_0.conda
  sha256: c91bf510c130a1ea1b6ff023e28bac0ccaef869446acd805e2016f69ebdc49ea
  md5: 25dcccd4f80f1638428613e0d7c9b4e1
  depends:
  - __osx >=11.0
  - ca-certificates
  license: Apache-2.0
  license_family: Apache
  purls: []
  size: 3106008
  timestamp: 1775587972483
- conda: https://conda.anaconda.org/conda-forge/noarch/packaging-26.2-pyhc364b38_0.conda
  sha256: 3906abfb6511a3bb309e39b9b1b7bc38f50a723971de2395489fd1f379255890
  md5: 4c06a92e74452cfa53623a81592e8934
  depends:
  - python >=3.8
  - python
  license: Apache-2.0
  license_family: APACHE
  purls:
  - pkg:pypi/packaging?source=hash-mapping
  size: 91574
  timestamp: 1777103621679
- pypi: https://files.pythonhosted.org/packages/47/a1/d5ff69e747374c33a3b53b9f98cca7889fce1fd03d79cdc4e1bccc6c5a87/pillow-12.2.0-cp311-cp311-macosx_11_0_arm64.whl
  name: pillow
  version: 12.2.0
  sha256: 71cde9a1e1551df7d34a25462fc60325e8a11a82cc2e2f54578e5e9a1e153d65
  requires_dist:
  - furo ; extra == 'docs'
  - olefile ; extra == 'docs'
  - sphinx>=8.2 ; extra == 'docs'
  - sphinx-autobuild ; extra == 'docs'
  - sphinx-copybutton ; extra == 'docs'
  - sphinx-inline-tabs ; extra == 'docs'
  - sphinxext-opengraph ; extra == 'docs'
  - olefile ; extra == 'fpx'
  - olefile ; extra == 'mic'
  - arro3-compute ; extra == 'test-arrow'
  - arro3-core ; extra == 'test-arrow'
  - nanoarrow ; extra == 'test-arrow'
  - pyarrow ; extra == 'test-arrow'
  - check-manifest ; extra == 'tests'
  - coverage>=7.4.2 ; extra == 'tests'
  - defusedxml ; extra == 'tests'
  - markdown2 ; extra == 'tests'
  - olefile ; extra == 'tests'
  - packaging ; extra == 'tests'
  - pyroma>=5 ; extra == 'tests'
  - pytest ; extra == 'tests'
  - pytest-cov ; extra == 'tests'
  - pytest-timeout ; extra == 'tests'
  - pytest-xdist ; extra == 'tests'
  - trove-classifiers>=2024.10.12 ; extra == 'tests'
  - defusedxml ; extra == 'xmp'
  requires_python: '>=3.10'
- conda: https://conda.anaconda.org/conda-forge/noarch/pip-26.1.2-pyh8b19718_0.conda
  sha256: 29b7d75bf81ad11645a8e320b369abdc90a92b93f2a9178e853d9dddf82e5106
  md5: 511fbc2c63d2c73650ad1755e4d357ba
  depends:
  - python >=3.10,<3.13.0a0
  - setuptools
  - wheel
  license: MIT
  license_family: MIT
  purls:
  - pkg:pypi/pip?source=compressed-mapping
  size: 1203173
  timestamp: 1780262795392
- pypi: https://files.pythonhosted.org/packages/10/03/8aeeb7458d22546bf64b5250ca1daeb5ff757d900e8e4a7476c6f0db843e/protobuf-7.35.1-cp310-abi3-macosx_10_9_universal2.whl
  name: protobuf
  version: 7.35.1
  sha256: 24f857477359a85c0c235261b8ba905fd51b2562f4a64ca1df5473f29850cbf6
  requires_python: '>=3.10'
- pypi: https://files.pythonhosted.org/packages/a6/26/3f05f9e3692853dff663913d5d62fb8df3f5640c8d70b06588c0b51ed953/pyaml-26.7.0-py3-none-any.whl
  name: pyaml
  version: 26.7.0
  sha256: cfa382780c43ae660669b87d394d550a41856ef175f5749f51f753e12d7077ac
  requires_dist:
  - pyyaml
  - unidecode ; extra == 'anchors'
  requires_python: '>=3.8'
- pypi: https://files.pythonhosted.org/packages/f4/7e/a72dd26f3b0f4f2bf1dd8923c85f7ceb43172af56d63c7383eb62b332364/pygments-2.20.0-py3-none-any.whl
  name: pygments
  version: 2.20.0
  sha256: 81a9e26dd42fd28a23a2d169d86d7ac03b46e2f8b59ed4698fb4785f946d0176
  requires_dist:
  - colorama>=0.4.6 ; extra == 'windows-terminal'
  requires_python: '>=3.9'
- conda: https://conda.anaconda.org/conda-forge/osx-arm64/python-3.11.15-h8561d8f_0_cpython.conda
  sha256: 9a846065863925b2562126a5c6fecd7a972e84aaa4de9e686ad3715ca506acfa
  md5: 49c7d96c58b969585cf09fb01d74e08e
  depends:
  - __osx >=11.0
  - bzip2 >=1.0.8,<2.0a0
  - libexpat >=2.7.4,<3.0a0
  - libffi >=3.5.2,<3.6.0a0
  - liblzma >=5.8.2,<6.0a0
  - libsqlite >=3.51.2,<4.0a0
  - libzlib >=1.3.1,<2.0a0
  - ncurses >=6.5,<7.0a0
  - openssl >=3.5.5,<4.0a0
  - readline >=8.3,<9.0a0
  - tk >=8.6.13,<8.7.0a0
  - tzdata
  constrains:
  - python_abi 3.11.* *_cp311
  license: Python-2.0
  purls: []
  size: 14753109
  timestamp: 1772730203101
- pypi: https://files.pythonhosted.org/packages/16/19/13de8e4377ed53079ee996e1ab0a9c33ec2faf808a4647b7b4c0d46dd239/pyyaml-6.0.3-cp311-cp311-macosx_11_0_arm64.whl
  name: pyyaml
  version: 6.0.3
  sha256: 652cb6edd41e718550aad172851962662ff2681490a8a711af6a4d288dd96824
  requires_python: '>=3.8'
- conda: https://conda.anaconda.org/conda-forge/osx-arm64/readline-8.3-h46df422_0.conda
  sha256: a77010528efb4b548ac2a4484eaf7e1c3907f2aec86123ed9c5212ae44502477
  md5: f8381319127120ce51e081dce4865cf4
  depends:
  - __osx >=11.0
  - ncurses >=6.5,<7.0a0
  license: GPL-3.0-only
  license_family: GPL
  purls: []
  size: 313930
  timestamp: 1765813902568
- pypi: https://files.pythonhosted.org/packages/82/3b/64d4899d73f91ba49a8c18a8ff3f0ea8f1c1d75481760df8c68ef5235bf5/rich-15.0.0-py3-none-any.whl
  name: rich
  version: 15.0.0
  sha256: 33bd4ef74232fb73fe9279a257718407f169c09b78a87ad3d296f548e27de0bb
  requires_dist:
  - ipywidgets>=7.5.1,<9 ; extra == 'jupyter'
  - markdown-it-py>=2.2.0
  - pygments>=2.13.0,<3.0.0
  requires_python: '>=3.9.0'
- pypi: https://files.pythonhosted.org/packages/e8/00/374c0c068e30cd31f1e1b46b4b5738168ec79e7689ca82ee93ddfea05109/safetensors-0.7.0-cp38-abi3-macosx_11_0_arm64.whl
  name: safetensors
  version: 0.7.0
  sha256: 94fd4858284736bb67a897a41608b5b0c2496c9bdb3bf2af1fa3409127f20d57
  requires_dist:
  - numpy>=1.21.6 ; extra == 'numpy'
  - packaging ; extra == 'torch'
  - safetensors[numpy] ; extra == 'torch'
  - torch>=1.10 ; extra == 'torch'
  - safetensors[numpy] ; extra == 'tensorflow'
  - tensorflow>=2.11.0 ; extra == 'tensorflow'
  - safetensors[numpy] ; extra == 'pinned-tf'
  - tensorflow==2.18.0 ; extra == 'pinned-tf'
  - safetensors[numpy] ; extra == 'jax'
  - flax>=0.6.3 ; extra == 'jax'
  - jax>=0.3.25 ; extra == 'jax'
  - jaxlib>=0.3.25 ; extra == 'jax'
  - mlx>=0.0.9 ; extra == 'mlx'
  - safetensors[numpy] ; extra == 'paddlepaddle'
  - paddlepaddle>=2.4.1 ; extra == 'paddlepaddle'
  - ruff ; extra == 'quality'
  - safetensors[numpy] ; extra == 'testing'
  - h5py>=3.7.0 ; extra == 'testing'
  - huggingface-hub>=0.12.1 ; extra == 'testing'
  - setuptools-rust>=1.5.2 ; extra == 'testing'
  - pytest>=7.2.0 ; extra == 'testing'
  - pytest-benchmark>=4.0.0 ; extra == 'testing'
  - hypothesis>=6.70.2 ; extra == 'testing'
  - safetensors[numpy] ; extra == 'testingfree'
  - huggingface-hub>=0.12.1 ; extra == 'testingfree'
  - setuptools-rust>=1.5.2 ; extra == 'testingfree'
  - pytest>=7.2.0 ; extra == 'testingfree'
  - pytest-benchmark>=4.0.0 ; extra == 'testingfree'
  - hypothesis>=6.70.2 ; extra == 'testingfree'
  - safetensors[torch] ; extra == 'all'
  - safetensors[numpy] ; extra == 'all'
  - safetensors[pinned-tf] ; extra == 'all'
  - safetensors[jax] ; extra == 'all'
  - safetensors[paddlepaddle] ; extra == 'all'
  - safetensors[quality] ; extra == 'all'
  - safetensors[testing] ; extra == 'all'
  - safetensors[all] ; extra == 'dev'
  requires_python: '>=3.9'
- pypi: https://files.pythonhosted.org/packages/f7/58/bccc2861b305abdd1b8663d6130c0b3d7cc22e8d86663edbc8401bfd40d4/scipy-1.17.1-cp311-cp311-macosx_12_0_arm64.whl
  name: scipy
  version: 1.17.1
  sha256: e18f12c6b0bc5a592ed23d3f7b891f68fd7f8241d69b7883769eb5d5dfb52696
  requires_dist:
  - numpy>=1.26.4,<2.7
  - pytest>=8.0.0 ; extra == 'test'
  - pytest-cov ; extra == 'test'
  - pytest-timeout ; extra == 'test'
  - pytest-xdist ; extra == 'test'
  - asv ; extra == 'test'
  - mpmath ; extra == 'test'
  - gmpy2 ; extra == 'test'
  - threadpoolctl ; extra == 'test'
  - scikit-umfpack ; extra == 'test'
  - pooch ; extra == 'test'
  - hypothesis>=6.30 ; extra == 'test'
  - array-api-strict>=2.3.1 ; extra == 'test'
  - cython ; extra == 'test'
  - meson ; extra == 'test'
  - ninja ; sys_platform != 'emscripten' and extra == 'test'
  - sphinx>=5.0.0,<8.2.0 ; extra == 'doc'
  - intersphinx-registry ; extra == 'doc'
  - pydata-sphinx-theme>=0.15.2 ; extra == 'doc'
  - sphinx-copybutton ; extra == 'doc'
  - sphinx-design>=0.4.0 ; extra == 'doc'
  - matplotlib>=3.5 ; extra == 'doc'
  - numpydoc ; extra == 'doc'
  - jupytext ; extra == 'doc'
  - myst-nb>=1.2.0 ; extra == 'doc'
  - pooch ; extra == 'doc'
  - jupyterlite-sphinx>=0.19.1 ; extra == 'doc'
  - jupyterlite-pyodide-kernel ; extra == 'doc'
  - linkify-it-py ; extra == 'doc'
  - tabulate ; extra == 'doc'
  - click<8.3.0 ; extra == 'dev'
  - spin ; extra == 'dev'
  - mypy==1.10.0 ; extra == 'dev'
  - typing-extensions ; extra == 'dev'
  - types-psutil ; extra == 'dev'
  - pycodestyle ; extra == 'dev'
  - ruff>=0.12.0 ; extra == 'dev'
  - cython-lint>=0.12.2 ; extra == 'dev'
  requires_python: '>=3.11'
- conda: https://conda.anaconda.org/conda-forge/noarch/setuptools-82.0.1-pyh332efcf_0.conda
  sha256: 82088a6e4daa33329a30bc26dc19a98c7c1d3f05c0f73ce9845d4eab4924e9e1
  md5: 8e194e7b992f99a5015edbd4ebd38efd
  depends:
  - python >=3.10
  license: MIT
  license_family: MIT
  purls:
  - pkg:pypi/setuptools?source=hash-mapping
  size: 639697
  timestamp: 1773074868565
- pypi: https://files.pythonhosted.org/packages/e0/f9/0595336914c5619e5f28a1fb793285925a8cd4b432c9da0a987836c7f822/shellingham-1.5.4-py2.py3-none-any.whl
  name: shellingham
  version: 1.5.4
  sha256: 7ecfff8f2fd72616f7481040475a65b2bf8af90a56c89140852d1120324e8686
  requires_python: '>=3.7'
- pypi: https://files.pythonhosted.org/packages/a2/09/77d55d46fd61b4a135c444fc97158ef34a095e5681d0a6c10b75bf356191/sympy-1.14.0-py3-none-any.whl
  name: sympy
  version: 1.14.0
  sha256: e091cc3e99d2141a0ba2847328f5479b05d94a6635cb96148ccb3f34671bd8f5
  requires_dist:
  - mpmath>=1.1.0,<1.4
  - pytest>=7.1.0 ; extra == 'dev'
  - hypothesis>=6.70.0 ; extra == 'dev'
  requires_python: '>=3.9'
- pypi: https://files.pythonhosted.org/packages/1a/e4/e804505f87627cd8cdae9c010c47c4485fd8c1ce31a7dd0ab7fcc4707377/tifffile-2026.3.3-py3-none-any.whl
  name: tifffile
  version: 2026.3.3
  sha256: e8be15c94273113d31ecb7aa3a39822189dd11c4967e3cc88c178f1ad2fd1170
  requires_dist:
  - numpy
  - imagecodecs>=2025.11.11 ; extra == 'codecs'
  - defusedxml ; extra == 'xml'
  - lxml ; extra == 'xml'
  - zarr>=3.1.5 ; extra == 'zarr'
  - fsspec ; extra == 'zarr'
  - kerchunk ; extra == 'zarr'
  - matplotlib ; extra == 'plot'
  - imagecodecs>=2025.11.11 ; extra == 'all'
  - matplotlib ; extra == 'all'
  - defusedxml ; extra == 'all'
  - lxml ; extra == 'all'
  - zarr>=3.1.5 ; extra == 'all'
  - fsspec ; extra == 'all'
  - kerchunk ; extra == 'all'
  - cmapfile ; extra == 'test'
  - czifile ; extra == 'test'
  - dask ; extra == 'test'
  - defusedxml ; extra == 'test'
  - fsspec ; extra == 'test'
  - imagecodecs ; extra == 'test'
  - kerchunk ; extra == 'test'
  - lfdfiles ; extra == 'test'
  - lxml ; extra == 'test'
  - ndtiff ; extra == 'test'
  - oiffile ; extra == 'test'
  - psdtags ; extra == 'test'
  - pytest ; extra == 'test'
  - requests ; extra == 'test'
  - roifile ; extra == 'test'
  - xarray ; extra == 'test'
  - zarr>=3.1.5 ; extra == 'test'
  requires_python: '>=3.11'
- pypi: https://files.pythonhosted.org/packages/1f/2e/26bab7686ff4aed48f8f5f6c23e2aa37b7a37ddd9effe3aa61e908fd518f/timm-1.0.27-py3-none-any.whl
  name: timm
  version: 1.0.27
  sha256: 5ff07c9ddf53cbada88eab1c93ff175c64cab683b5a2fddf863bcee985926f89
  requires_dist:
  - torch
  - torchvision
  - pyyaml
  - huggingface-hub
  - safetensors
  requires_python: '>=3.8'
- conda: https://conda.anaconda.org/conda-forge/osx-arm64/tk-8.6.13-h010d191_3.conda
  sha256: 799cab4b6cde62f91f750149995d149bc9db525ec12595e8a1d91b9317f038b3
  md5: a9d86bc62f39b94c4661716624eb21b0
  depends:
  - __osx >=11.0
  - libzlib >=1.3.1,<2.0a0
  license: TCL
  license_family: BSD
  purls: []
  size: 3127137
  timestamp: 1769460817696
- pypi: https://files.pythonhosted.org/packages/0f/8b/4b61d6e13f7108f36910df9ab4b58fd389cc2520d54d81b88660804aad99/torch-2.10.0-2-cp311-none-macosx_11_0_arm64.whl
  name: torch
  version: 2.10.0
  sha256: 418997cb02d0a0f1497cf6a09f63166f9f5df9f3e16c8a716ab76a72127c714f
  requires_dist:
  - filelock
  - typing-extensions>=4.10.0
  - setuptools ; python_full_version >= '3.12'
  - sympy>=1.13.3
  - networkx>=2.5.1
  - jinja2
  - fsspec>=0.8.5
  - cuda-bindings==12.9.4 ; platform_machine == 'x86_64' and sys_platform == 'linux'
  - nvidia-cuda-nvrtc-cu12==12.8.93 ; platform_machine == 'x86_64' and sys_platform == 'linux'
  - nvidia-cuda-runtime-cu12==12.8.90 ; platform_machine == 'x86_64' and sys_platform == 'linux'
  - nvidia-cuda-cupti-cu12==12.8.90 ; platform_machine == 'x86_64' and sys_platform == 'linux'
  - nvidia-cudnn-cu12==9.10.2.21 ; platform_machine == 'x86_64' and sys_platform == 'linux'
  - nvidia-cublas-cu12==12.8.4.1 ; platform_machine == 'x86_64' and sys_platform == 'linux'
  - nvidia-cufft-cu12==11.3.3.83 ; platform_machine == 'x86_64' and sys_platform == 'linux'
  - nvidia-curand-cu12==10.3.9.90 ; platform_machine == 'x86_64' and sys_platform == 'linux'
  - nvidia-cusolver-cu12==11.7.3.90 ; platform_machine == 'x86_64' and sys_platform == 'linux'
  - nvidia-cusparse-cu12==12.5.8.93 ; platform_machine == 'x86_64' and sys_platform == 'linux'
  - nvidia-cusparselt-cu12==0.7.1 ; platform_machine == 'x86_64' and sys_platform == 'linux'
  - nvidia-nccl-cu12==2.27.5 ; platform_machine == 'x86_64' and sys_platform == 'linux'
  - nvidia-nvshmem-cu12==3.4.5 ; platform_machine == 'x86_64' and sys_platform == 'linux'
  - nvidia-nvtx-cu12==12.8.90 ; platform_machine == 'x86_64' and sys_platform == 'linux'
  - nvidia-nvjitlink-cu12==12.8.93 ; platform_machine == 'x86_64' and sys_platform == 'linux'
  - nvidia-cufile-cu12==1.13.1.3 ; platform_machine == 'x86_64' and sys_platform == 'linux'
  - triton==3.6.0 ; platform_machine == 'x86_64' and sys_platform == 'linux'
  - optree>=0.13.0 ; extra == 'optree'
  - opt-einsum>=3.3 ; extra == 'opt-einsum'
  - pyyaml ; extra == 'pyyaml'
  requires_python: '>=3.10'
- pypi: https://files.pythonhosted.org/packages/3e/be/c704bceaf11c4f6b19d64337a34a877fcdfe3bd68160a8c9ae9bea4a35a3/torchvision-0.25.0-cp311-cp311-macosx_11_0_arm64.whl
  name: torchvision
  version: 0.25.0
  sha256: db74a551946b75d19f9996c419a799ffdf6a223ecf17c656f90da011f1d75b20
  requires_dist:
  - numpy
  - torch==2.10.0
  - pillow>=5.3.0,!=8.3.*
  - gdown>=4.7.3 ; extra == 'gdown'
  - scipy ; extra == 'scipy'
  requires_python: '>=3.10'
- pypi: https://files.pythonhosted.org/packages/16/e1/3079a9ff9b8e11b846c6ac5c8b5bfb7ff225eee721825310c91b3b50304f/tqdm-4.67.3-py3-none-any.whl
  name: tqdm
  version: 4.67.3
  sha256: ee1e4c0e59148062281c49d80b25b67771a127c85fc9676d3be5f243206826bf
  requires_dist:
  - colorama ; sys_platform == 'win32'
  - importlib-metadata ; python_full_version < '3.8'
  - pytest>=6 ; extra == 'dev'
  - pytest-cov ; extra == 'dev'
  - pytest-timeout ; extra == 'dev'
  - pytest-asyncio>=0.24 ; extra == 'dev'
  - nbval ; extra == 'dev'
  - requests ; extra == 'discord'
  - slack-sdk ; extra == 'slack'
  - requests ; extra == 'telegram'
  - ipywidgets>=6 ; extra == 'notebook'
  requires_python: '>=3.7'
- pypi: https://files.pythonhosted.org/packages/3f/f9/2b3ff4e56e5fa7debfaf9eb135d0da96f3e9a1d5b27222223c7296336e5f/typer-0.25.1-py3-none-any.whl
  name: typer
  version: 0.25.1
  sha256: 75caa44ed46a03fb2dab8808753ffacdbfea88495e74c85a28c5eefcf5f39c89
  requires_dist:
  - click>=8.2.1
  - shellingham>=1.3.0
  - rich>=13.8.0
  - annotated-doc>=0.0.2
  requires_python: '>=3.10'
- pypi: https://files.pythonhosted.org/packages/18/67/36e9267722cc04a6b9f15c7f3441c2363321a3ea07da7ae0c0707beb2a9c/typing_extensions-4.15.0-py3-none-any.whl
  name: typing-extensions
  version: 4.15.0
  sha256: f0fa19c6845758ab08074a0cfa8b7aecb71c999ca73d62883bc25cc018c4e548
  requires_python: '>=3.9'
- conda: https://conda.anaconda.org/conda-forge/noarch/tzdata-2025c-hc9c84f9_1.conda
  sha256: 1d30098909076af33a35017eed6f2953af1c769e273a0626a04722ac4acaba3c
  md5: ad659d0a2b3e47e38d829aa8cad2d610
  license: LicenseRef-Public-Domain
  purls: []
  size: 119135
  timestamp: 1767016325805
- conda: https://conda.anaconda.org/conda-forge/noarch/wheel-0.47.0-pyhd8ed1ab_0.conda
  sha256: 9e156ffaefb8463437144326ada4b85d1de17961b9997ac5f1cbbaf747bd8bed
  md5: d0e3b2f0030cf4fca58bde71d246e94c
  depends:
  - packaging >=24.0
  - python >=3.10
  license: MIT
  license_family: MIT
  purls:
  - pkg:pypi/wheel?source=hash-mapping
  size: 33491
  timestamp: 1776878563806
